
Microsoft Visual Studio Solution File, Format Version 12.00
# Visual Studio 2012
Project("{FAE04EC0-301F-11D3-BF4B-00C04F79EFBC}") = "HermesLogin", "HermesLogin\HermesLogin.csproj", "{6932964B-7533-4364-A4CD-AA272E72D22B}"
EndProject
Global
	GlobalSection(SolutionConfigurationPlatforms) = preSolution
		Debug|Any CPU = Debug|Any CPU
		Release|Any CPU = Release|Any CPU
	EndGlobalSection
	GlobalSection(ProjectConfigurationPlatforms) = postSolution
		{6932964B-7533-4364-A4CD-AA272E72D22B}.Debug|Any CPU.ActiveCfg = Debug|Any CPU
		{6932964B-7533-4364-A4CD-AA272E72D22B}.Debug|Any CPU.Build.0 = Debug|Any CPU
		{6932964B-7533-4364-A4CD-AA272E72D22B}.Release|Any CPU.ActiveCfg = Release|Any CPU
		{6932964B-7533-4364-A4CD-AA272E72D22B}.Release|Any CPU.Build.0 = Release|Any CPU
	EndGlobalSection
EndGlobal
